#MicroXplorer Configuration settings - do not modify
PA11.GPIO_Speed=GPIO_SPEED_FREQ_LOW
PH0-OSC_IN.Locked=true
PB13.GPIOParameters=GPIO_PuPd,GPIO_Label
PD12.GPIO_Label=LD4 [Green Led]
PH0-OSC_IN.Signal=RCC_OSC_IN
PE11.GPIOParameters=GPIO_PuPd,GPIO_Label
PB10.GPIO_PuPd=GPIO_PULLDOWN
VP_ADC1_TempSens_Input.Mode=IN-TempSens
PC12.Locked=true
PA10.GPIO_PuPd=GPIO_NOPULL
ADC1.SamplingTime-6\#ChannelRegularConversion=ADC_SAMPLETIME_56CYCLES
RCC.PLLCLKFreq_Value=168000000
PC12.Signal=GPIO_Input
PB14.GPIO_Label=A14
RCC.PLLQCLKFreq_Value=48000000
PE8.GPIO_PuPd=GPIO_PULLDOWN
PA3.GPIO_PuPd=GPIO_PULLDOWN
PD3.GPIOParameters=GPIO_PuPd,GPIO_Label
PC6.GPIO_Label=USB_PULLUP
PC3.Locked=true
RCC.RTCFreq_Value=32000
PA3.GPIOParameters=GPIO_PuPd,GPIO_Label
PE10.GPIO_PuPd=GPIO_PULLDOWN
PA6.GPIO_Label=PA6
PB6.GPIO_Label=A6
PD0.Locked=true
PD2.GPIOParameters=GPIO_PuPd,GPIO_Label
PB13.Signal=GPIO_Input
PD6.GPIO_Label=EE_EN_VCC
PA2.GPIOParameters=GPIO_Label
PC15-OSC32_OUT.GPIO_Label=PC15-OSC32_OUT
PinOutPanel.RotationAngle=0
PE6.GPIO_Label=D6
RCC.SYSCLKSource=RCC_SYSCLKSOURCE_PLLCLK
NVIC.SVCall_IRQn=true\:0\:0\:false\:false\:true\:true\:false
PD14.GPIO_Speed=GPIO_SPEED_FREQ_LOW
PD15.GPIOParameters=GPIO_Speed,GPIO_PuPd,GPIO_Label
ADC1.Channel-5\#ChannelRegularConversion=ADC_CHANNEL_11
RCC.APB2TimFreq_Value=168000000
PB6.Signal=GPIO_Input
Dma.ADC1.0.Direction=DMA_PERIPH_TO_MEMORY
ADC1.Channel-2\#ChannelRegularConversion=ADC_CHANNEL_TEMPSENSOR
ADC1.InjNumberOfConversion=0
PC3.Signal=GPIO_Input
PD0.Signal=GPIO_Input
PE5.Signal=GPIO_Input
PE10.Locked=true
PE1.Signal=GPIO_Input
PA1.GPIO_PuPd=GPIO_PULLDOWN
Dma.ADC1.0.MemDataAlignment=DMA_MDATAALIGN_HALFWORD
PB13.Locked=true
PE14.Locked=true
ProjectManager.ProjectBuild=false
NVIC.UsageFault_IRQn=true\:0\:0\:false\:false\:true\:true\:false
PB2.Signal=GPIO_Input
ADC1.ScanConvMode=ENABLE
PA4.Locked=true
SH.ADCx_IN14.ConfNb=1
SH.ADCx_IN15.0=ADC1_IN15,IN15
PD1.GPIOParameters=GPIO_PuPd,GPIO_Label
PD1.GPIO_Label=A17
PB12.GPIO_Label=A12
ProjectManager.FirmwarePackage=STM32Cube FW_F4 V1.25.0
VP_ADC1_Vref_Input.Mode=IN-Vrefint
MxDb.Version=DB.6.0.0
PB0.GPIOParameters=GPIO_PuPd,GPIO_Label
PE15.Locked=true
PE0.GPIOParameters=GPIO_PuPd,GPIO_Label
PA1.GPIOParameters=GPIO_PuPd,GPIO_Label
ProjectManager.BackupPrevious=false
PC4.GPIO_Label=V10SENSE
PE9.Signal=GPIO_Input
PE9.Locked=true
PA5.GPIO_PuPd=GPIO_PULLDOWN
PB1.GPIO_Label=A1
Dma.ADC1.0.PeriphInc=DMA_PINC_DISABLE
PE4.GPIO_Label=D4
PH1-OSC_OUT.Locked=true
PD5.GPIO_Mode=GPIO_MODE_INPUT
SH.ADCx_IN11.ConfNb=1
PE2.Signal=GPIO_Input
PD14.GPIO_PuPd=GPIO_NOPULL
PE1.Locked=true
PB6.Locked=true
NVIC.PendSV_IRQn=true\:0\:0\:false\:false\:true\:true\:false
PE10.Signal=GPIO_Input
ProjectManager.HalAssertFull=false
PB2.GPIO_PuPd=GPIO_PULLDOWN
RCC.MCO2PinFreq_Value=168000000
Mcu.Package=LQFP100
PB9.Signal=GPIO_Input
PB1.Signal=GPIO_Input
PB14.GPIO_PuPd=GPIO_PULLDOWN
PA5.Locked=true
PD11.Locked=true
SH.ADCx_IN14.0=ADC1_IN14,IN14
PE10.GPIOParameters=GPIO_PuPd,GPIO_Label
PD12.Signal=GPIO_Output
PA14.Locked=true
PD5.GPIOParameters=GPIO_PuPd,GPIO_Label,GPIO_Mode
VP_SYS_VS_Systick.Signal=SYS_VS_Systick
USART3.IPParameters=VirtualMode
PA10.Signal=USB_OTG_FS_ID
PB9.GPIO_PuPd=GPIO_PULLDOWN
PE12.GPIO_Label=D12
PA5.GPIOParameters=GPIO_PuPd,GPIO_Label
PC11.Mode=Asynchronous
PB14.GPIOParameters=GPIO_PuPd,GPIO_Label
RCC.APB2CLKDivider=RCC_HCLK_DIV2
RCC.APB1TimFreq_Value=84000000
NVIC.BusFault_IRQn=true\:0\:0\:false\:false\:true\:true\:false
Dma.ADC1.0.FIFOMode=DMA_FIFOMODE_DISABLE
USB_OTG_FS.IPParameters=VirtualMode
PB10.GPIOParameters=GPIO_PuPd,GPIO_Label
PE6.Locked=true
PC12.GPIO_PuPd=GPIO_PULLUP
PD3.GPIO_PuPd=GPIO_PULLDOWN
PC15-OSC32_OUT.GPIOParameters=GPIO_Label
PA12.GPIO_PuPd=GPIO_NOPULL
PE10.GPIO_Label=D10
PE6.GPIO_PuPd=GPIO_PULLDOWN
PD5.Locked=true
PA4.GPIO_Label=PA4
ADC1.EOCSelection=ADC_EOC_SINGLE_CONV
PD15.Signal=GPIO_Output
ProjectManager.CustomerFirmwarePackage=
PC0.PinState=GPIO_PIN_SET
PC4.GPIOParameters=GPIO_Label
ADC1.Rank-4\#ChannelRegularConversion=4
PE12.GPIO_PuPd=GPIO_PULLDOWN
PA6.GPIOParameters=GPIO_PuPd,GPIO_Label
PB7.GPIO_PuPd=GPIO_PULLDOWN
PD6.GPIOParameters=PinState,GPIO_Label
ProjectManager.ProjectFileName=fwf407.ioc
Dma.ADC1.0.Instance=DMA2_Stream0
Mcu.Pin79=VP_USB_DEVICE_VS_USB_DEVICE_CDC_FS
PD9.GPIO_Label=LED_POWER
PA15.GPIOParameters=GPIO_PuPd,GPIO_Label
Mcu.PinsNb=80
PD2.GPIO_PuPd=GPIO_PULLDOWN
PC11.Locked=true
Mcu.Pin73=PE0
Mcu.Pin74=PE1
Mcu.Pin71=PB8
Mcu.Pin72=PB9
ADC1.IPParameters=Rank-1\#ChannelRegularConversion,master,Channel-1\#ChannelRegularConversion,SamplingTime-1\#ChannelRegularConversion,NbrOfConversionFlag,ContinuousConvMode,NbrOfConversion,EOCSelection,DMAContinuousRequests,ExternalTrigConv,ScanConvMode,Rank-2\#ChannelRegularConversion,Channel-2\#ChannelRegularConversion,SamplingTime-2\#ChannelRegularConversion,Rank-3\#ChannelRegularConversion,Channel-3\#ChannelRegularConversion,SamplingTime-3\#ChannelRegularConversion,Rank-4\#ChannelRegularConversion,Channel-4\#ChannelRegularConversion,SamplingTime-4\#ChannelRegularConversion,InjNumberOfConversion,Rank-5\#ChannelRegularConversion,Channel-5\#ChannelRegularConversion,SamplingTime-5\#ChannelRegularConversion,Rank-6\#ChannelRegularConversion,Channel-6\#ChannelRegularConversion,SamplingTime-6\#ChannelRegularConversion,Rank-7\#ChannelRegularConversion,Channel-7\#ChannelRegularConversion,SamplingTime-7\#ChannelRegularConversion
Mcu.Pin77=VP_ADC1_Vbat_Input
Mcu.Pin78=VP_SYS_VS_Systick
Mcu.Pin75=VP_ADC1_TempSens_Input
PA9.GPIO_Label=VBUS_FS
Mcu.Pin76=VP_ADC1_Vref_Input
PB6.GPIO_PuPd=GPIO_PULLDOWN
PD3.Signal=GPIO_Input
Mcu.Pin70=PB7
PB8.GPIO_PuPd=GPIO_PULLDOWN
PC6.Signal=GPIO_Output
PC2.Signal=GPIO_Input
PB11.GPIO_Label=A11
PD13.GPIOParameters=GPIO_Speed,GPIO_PuPd,GPIO_Label
PD7.Signal=GPIO_Output
SH.GPXTI0.ConfNb=1
PD1.Signal=GPIO_Input
PA11.GPIO_Label=OTG_FS_DM
PE1.GPIO_PuPd=GPIO_PULLDOWN
PD1.GPIO_PuPd=GPIO_PULLDOWN
Mcu.Pin68=PB5
Mcu.Pin69=PB6
PC0.Signal=GPIO_Output
PB14.Locked=true
RCC.APB1CLKDivider=RCC_HCLK_DIV4
PC14-OSC32_IN.Signal=RCC_OSC32_IN
PC11.GPIOParameters=GPIO_Label
Mcu.Pin62=PD3
Mcu.Pin63=PD5
Mcu.Pin60=PD1
Mcu.Pin61=PD2
PA0-WKUP.GPIO_ModeDefaultEXTI=GPIO_MODE_EVT_FALLING
Mcu.Pin66=PB3
Mcu.Pin67=PB4
Mcu.Pin64=PD6
PA0-WKUP.GPIO_Label=PA0
Mcu.Pin65=PD7
PA0-WKUP.Signal=GPXTI0
ADC1.Channel-7\#ChannelRegularConversion=ADC_CHANNEL_2
PC3.GPIOParameters=GPIO_Label
PD10.Signal=GPIO_Output
PB8.GPIO_Label=A8
PA11.Locked=true
PA15.Locked=true
PC15-OSC32_OUT.Locked=true
Mcu.Pin59=PD0
Mcu.Pin57=PC11
Mcu.Pin58=PC12
Mcu.Pin51=PA11
Mcu.Pin52=PA12
Mcu.Pin50=PA10
Mcu.Pin55=PA15
Mcu.Pin56=PC10
Mcu.Pin53=PA13
PE8.GPIO_Label=D8
Mcu.Pin54=PA14
PC6.Locked=true
Dma.ADC1.0.Priority=DMA_PRIORITY_LOW
PA9.Signal=USB_OTG_FS_VBUS
PB11.GPIOParameters=GPIO_PuPd,GPIO_Label
PB5.Locked=true
PB9.Locked=true
PB4.GPIO_PuPd=GPIO_PULLDOWN
PD7.Locked=true
PE9.GPIO_Label=D9
Mcu.Pin48=PC6
Mcu.Pin49=PA9
Mcu.Pin46=PD14
Mcu.Pin47=PD15
PB10.Signal=GPIO_Input
PB14.Signal=GPIO_Input
PE2.GPIO_PuPd=GPIO_PULLDOWN
PA5.Signal=GPIO_Input
Mcu.Pin40=PB15
Mcu.Pin41=PD9
PE13.GPIOParameters=GPIO_PuPd,GPIO_Label
Mcu.Pin44=PD12
Mcu.Pin45=PD13
Mcu.Pin42=PD10
Mcu.Pin43=PD11
PE1.GPIO_Label=D1
ProjectManager.LastFirmware=false
PB13.GPIO_PuPd=GPIO_PULLDOWN
PE14.Signal=GPIO_Input
PE15.Signal=GPIO_Input
Mcu.Pin37=PB12
PB4.GPIO_Label=A4
Mcu.Pin38=PB13
Mcu.Pin35=PB10
PB15.GPIO_Label=A15
PE8.Signal=GPIO_Input
Mcu.Pin36=PB11
Mcu.Pin39=PB14
PC2.GPIOParameters=GPIO_Label
VP_ADC1_TempSens_Input.Signal=ADC1_TempSens_Input
Mcu.Pin30=PE11
PA1.GPIO_Label=PA1
RCC.EthernetFreq_Value=168000000
Mcu.Pin33=PE14
PE3.GPIO_PuPd=GPIO_PULLDOWN
Mcu.Pin34=PE15
Mcu.Pin31=PE12
Mcu.Pin32=PE13
PA9.Locked=true
NVIC.NonMaskableInt_IRQn=true\:0\:0\:false\:false\:true\:true\:false
PC10.GPIOParameters=GPIO_Label
PH1-OSC_OUT.GPIO_Label=PH1-OSC_OUT
ADC1.DMAContinuousRequests=ENABLE
PE7.Locked=true
PA13.Mode=Serial_Wire
ProjectManager.FreePins=false
Mcu.Pin26=PE7
Mcu.Pin27=PE8
RCC.RTCHSEDivFreq_Value=4000000
Mcu.Pin24=PB1
ProjectManager.UnderRoot=false
PE4.GPIO_PuPd=GPIO_PULLDOWN
Mcu.Pin25=PB2
PE13.Locked=true
ADC1.ExternalTrigConv=ADC_SOFTWARE_START
Mcu.Pin28=PE9
Mcu.Pin29=PE10
PB4.Locked=true
PA4.Signal=GPIO_Input
PD14.GPIOParameters=GPIO_Speed,GPIO_PuPd,GPIO_Label
ADC1.SamplingTime-1\#ChannelRegularConversion=ADC_SAMPLETIME_56CYCLES
Mcu.Pin22=PC5
PB5.Signal=GPIO_Input
Mcu.Pin23=PB0
Mcu.Pin20=PA7
ADC1.master=1
PA3.Locked=true
Mcu.Pin21=PC4
PE13.GPIO_Label=D13
PD10.Locked=true
PA5.GPIO_Label=PA5
PA10.Locked=true
NVIC.ForceEnableDMAVector=true
PD11.Signal=GPIO_Output
PB5.GPIO_PuPd=GPIO_PULLDOWN
NVIC.MemoryManagement_IRQn=true\:0\:0\:false\:false\:true\:true\:false
PE5.GPIO_Label=D5
PC12.GPIO_Label=BUTTON1
ProjectManager.CompilerOptimize=6
ADC1.Rank-1\#ChannelRegularConversion=1
PD15.Locked=true
PA11.Signal=USB_OTG_FS_DM
ProjectManager.HeapSize=0x200
Mcu.Pin15=PA2
NVIC.HardFault_IRQn=true\:0\:0\:false\:false\:true\:true\:false
Mcu.Pin16=PA3
Mcu.Pin13=PA0-WKUP
PD0.GPIO_PuPd=GPIO_PULLDOWN
Mcu.Pin14=PA1
Mcu.Pin19=PA6
ADC1.SamplingTime-5\#ChannelRegularConversion=ADC_SAMPLETIME_56CYCLES
ProjectManager.ComputerToolchain=false
Mcu.Pin17=PA4
Mcu.Pin18=PA5
NVIC.PriorityGroup=NVIC_PRIORITYGROUP_0
Mcu.Pin11=PC2
Mcu.Pin12=PC3
PD0.GPIOParameters=GPIO_PuPd,GPIO_Label
Mcu.Pin10=PC1
PE2.Locked=true
PE3.Signal=GPIO_Input
PC3.GPIO_Label=OE
PA0-WKUP.GPIO_PuPd=GPIO_PULLUP
PE12.GPIOParameters=GPIO_PuPd,GPIO_Label
PD2.Signal=GPIO_Input
PB12.GPIO_PuPd=GPIO_PULLDOWN
PD1.Locked=true
PB0.Signal=GPIO_Input
PA7.GPIOParameters=GPIO_PuPd,GPIO_Label
PC0.Locked=true
ADC1.Rank-5\#ChannelRegularConversion=5
PC1.Signal=ADCx_IN11
PB12.GPIOParameters=GPIO_PuPd,GPIO_Label
PD2.GPIO_Label=A18
PD7.GPIOParameters=GPIO_Label
Mcu.Family=STM32F4
ProjectManager.MainLocation=Core/Src
USB_DEVICE.CLASS_NAME_FS=CDC
PE7.GPIO_PuPd=GPIO_PULLDOWN
RCC.CortexFreq_Value=168000000
ProjectManager.KeepUserCode=true
Mcu.UserName=STM32F407VGTx
PD9.GPIOParameters=GPIO_Label
ADC1.ContinuousConvMode=ENABLE
PE11.GPIO_Label=D11
SH.ADCx_IN2.0=ADC1_IN2,IN2
PC10.Locked=true
PD15.GPIO_Speed=GPIO_SPEED_FREQ_LOW
PC10.Signal=USART3_TX
PC5.Locked=true
PA12.GPIOParameters=GPIO_Speed,GPIO_PuPd,GPIO_Label,GPIO_Mode
ProjectManager.functionlistsort=1-MX_GPIO_Init-GPIO-false-HAL-true,2-MX_DMA_Init-DMA-false-HAL-true,3-SystemClock_Config-RCC-false-HAL-false,4-MX_USART3_UART_Init-USART3-false-HAL-true,5-MX_USB_DEVICE_Init-USB_DEVICE-false-HAL-false,6-MX_ADC1_Init-ADC1-false-HAL-true
PC0.GPIOParameters=GPIO_Speed,PinState,GPIO_PuPd,GPIO_Label
PA9.GPIOParameters=GPIO_PuPd,GPIO_Label,GPIO_Mode
PA11.GPIOParameters=GPIO_Speed,GPIO_PuPd,GPIO_Label,GPIO_Mode
PC0.GPIO_Label=OTG_FS_PowerSwitchOn
PD0.GPIO_Label=A16
PA11.Mode=Device_Only
PH0-OSC_IN.GPIOParameters=GPIO_Label
PD6.Locked=true
PB0.GPIO_Label=A0
USB_DEVICE.VirtualMode-CDC_FS=Cdc
PD2.Locked=true
PA11.GPIO_PuPd=GPIO_NOPULL
PB11.GPIO_PuPd=GPIO_PULLDOWN
PC1.Locked=true
PB13.GPIO_Label=A13
PB11.Signal=GPIO_Input
PB15.Signal=GPIO_Input
PE5.GPIOParameters=GPIO_PuPd,GPIO_Label
ProjectManager.StackSize=0x400
PB5.GPIOParameters=GPIO_PuPd,GPIO_Label
PD13.Signal=GPIO_Output
Mcu.IP4=SYS
RCC.FCLKCortexFreq_Value=168000000
Mcu.IP5=USART3
PD13.Locked=true
Mcu.IP2=NVIC
Mcu.IP3=RCC
PA15.GPIO_Label=BUTTON2
PB4.GPIOParameters=GPIO_PuPd,GPIO_Label
Mcu.IP0=ADC1
PA12.Locked=true
Mcu.IP1=DMA
PA12.Signal=USB_OTG_FS_DP
PE4.GPIOParameters=GPIO_PuPd,GPIO_Label
Mcu.UserConstants=
PE5.GPIO_PuPd=GPIO_PULLDOWN
PC1.GPIOParameters=GPIO_Label
PE11.GPIO_PuPd=GPIO_PULLDOWN
Mcu.ThirdPartyNb=0
ADC1.Channel-3\#ChannelRegularConversion=ADC_CHANNEL_14
PB1.GPIO_PuPd=GPIO_PULLDOWN
PD11.GPIO_Label=LED_ALERT
RCC.HCLKFreq_Value=168000000
Mcu.IPNb=8
RCC.I2SClocksFreq_Value=96000000
ProjectManager.PreviousToolchain=SW4STM32
RCC.VcooutputI2S=96000000
Mcu.Pin6=PC15-OSC32_OUT
Mcu.Pin7=PH0-OSC_IN
NVIC.DMA2_Stream0_IRQn=true\:0\:0\:false\:false\:true\:false\:true
Mcu.Pin8=PH1-OSC_OUT
Mcu.Pin9=PC0
RCC.AHBFreq_Value=168000000
PH0-OSC_IN.Mode=HSE-External-Oscillator
PH0-OSC_IN.GPIO_Label=PH0-OSC_IN
Mcu.Pin0=PE2
Mcu.Pin1=PE3
GPIO.groupedBy=Group By Peripherals
Mcu.Pin2=PE4
PA9.GPIO_Mode=GPIO_MODE_INPUT
Mcu.Pin3=PE5
Mcu.Pin4=PE6
PA0-WKUP.GPIOParameters=GPIO_PuPd,GPIO_Label,GPIO_ModeDefaultEXTI
PD10.GPIOParameters=GPIO_Label
Mcu.Pin5=PC14-OSC32_IN
RCC.HSE_VALUE=8000000
NVIC.DebugMonitor_IRQn=true\:0\:0\:false\:false\:true\:true\:false
PA4.GPIO_PuPd=GPIO_PULLDOWN
NVIC.SysTick_IRQn=true\:0\:0\:false\:false\:true\:true\:true
PE13.GPIO_PuPd=GPIO_PULLDOWN
ADC1.SamplingTime-4\#ChannelRegularConversion=ADC_SAMPLETIME_56CYCLES
ADC1.Channel-6\#ChannelRegularConversion=ADC_CHANNEL_15
PA6.GPIO_PuPd=GPIO_PULLDOWN
PB3.GPIO_PuPd=GPIO_PULLDOWN
ADC1.Rank-2\#ChannelRegularConversion=2
PE13.Signal=GPIO_Input
PC14-OSC32_IN.Mode=LSE-External-Oscillator
RCC.VCOInputFreq_Value=1000000
PA14.Mode=Serial_Wire
PE8.Locked=true
PC11.GPIO_Label=USART3_CONS_RX
File.Version=6
PA10.GPIO_Label=OTG_FS_ID
PE3.GPIOParameters=GPIO_PuPd,GPIO_Label
PD6.PinState=GPIO_PIN_SET
PB3.GPIOParameters=GPIO_PuPd,GPIO_Label
PE3.Locked=true
PB7.Signal=GPIO_Input
PB8.Locked=true
PE4.Signal=GPIO_Input
PE6.GPIOParameters=GPIO_PuPd,GPIO_Label
VP_ADC1_Vbat_Input.Signal=ADC1_Vbat_Input
Dma.RequestsNb=1
PB6.GPIOParameters=GPIO_PuPd,GPIO_Label
PB0.Locked=true
PC14-OSC32_IN.GPIOParameters=GPIO_Label
ProjectManager.ProjectName=fwf407
PD7.GPIO_Label=EE_EN_VPP
PA13.GPIOParameters=GPIO_Label
PH1-OSC_OUT.Mode=HSE-External-Oscillator
PB7.GPIO_Label=A7
PD13.GPIO_Label=LD3 [Orange Led]
PA6.Signal=GPIO_Input
PA7.Locked=true
PB15.GPIO_PuPd=GPIO_PULLDOWN
PD5.GPIO_Label=OTG_FS_OverCurrent
NVIC.OTG_FS_IRQn=true\:0\:0\:false\:false\:true\:true\:true
ProjectManager.ToolChainLocation=
PA2.GPIO_Label=V10FBSENSE
PD14.Locked=true
PD15.GPIO_PuPd=GPIO_NOPULL
RCC.LSI_VALUE=32000
SH.GPXTI0.0=GPIO_EXTI0
USB_OTG_FS.VirtualMode=Device_Only
PA15.Signal=GPIO_Input
VP_USB_DEVICE_VS_USB_DEVICE_CDC_FS.Signal=USB_DEVICE_VS_USB_DEVICE_CDC_FS
PE0.GPIO_Label=D0
PA10.GPIO_Speed=GPIO_SPEED_FREQ_LOW
PB5.GPIO_Label=A5
PC4.Locked=true
PC14-OSC32_IN.GPIO_Label=PC14-OSC32_IN
PC5.Signal=ADCx_IN15
PD3.GPIO_Label=A19
PE7.Signal=GPIO_Input
PC0.GPIO_PuPd=GPIO_NOPULL
PD6.Signal=GPIO_Output
ADC1.Rank-6\#ChannelRegularConversion=6
Dma.Request0=ADC1
PE2.GPIO_Label=D2
PC2.GPIO_Label=CE
PE12.Locked=true
PC14-OSC32_IN.Locked=true
PA12.GPIO_Speed=GPIO_SPEED_FREQ_LOW
PB15.Locked=true
PB3.Locked=true
PB4.Signal=GPIO_Input
PA3.Signal=GPIO_Input
PA2.Locked=true
PB3.GPIO_Label=A3
PE0.GPIO_PuPd=GPIO_PULLDOWN
PC15-OSC32_OUT.Mode=LSE-External-Oscillator
PE8.GPIOParameters=GPIO_PuPd,GPIO_Label
PD12.GPIO_Speed=GPIO_SPEED_FREQ_LOW
PD15.GPIO_Label=LD6 [Blue Led]
PB8.GPIOParameters=GPIO_PuPd,GPIO_Label
PE14.GPIOParameters=GPIO_PuPd,GPIO_Label
PB9.GPIO_Label=A9
ADC1.Channel-4\#ChannelRegularConversion=ADC_CHANNEL_VBAT
PC10.GPIO_Label=USART3_CONS_TX
ProjectManager.NoMain=false
USB_DEVICE.VirtualModeFS=Cdc_FS
PC11.Signal=USART3_RX
PC4.Signal=ADCx_IN14
PC10.Mode=Asynchronous
VP_ADC1_Vbat_Input.Mode=IN-Vbat
ProjectManager.DefaultFWLocation=true
PE14.GPIO_Label=D14
PD9.Signal=GPIO_Output
PD5.Signal=GPIO_Input
PB12.Locked=true
ProjectManager.DeletePrevious=true
PB10.Locked=true
boardIOC=true
USB_DEVICE.IPParameters=VirtualModeFS,CLASS_NAME_FS,VirtualMode-CDC_FS
PA9.GPIO_PuPd=GPIO_NOPULL
PA12.GPIO_Label=OTG_FS_DP
ADC1.SamplingTime-2\#ChannelRegularConversion=ADC_SAMPLETIME_56CYCLES
RCC.FamilyName=M
PA0-WKUP.Locked=true
PE9.GPIOParameters=GPIO_PuPd,GPIO_Label
PE15.GPIOParameters=GPIO_PuPd,GPIO_Label
PA10.GPIO_Mode=GPIO_MODE_AF_PP
PB9.GPIOParameters=GPIO_PuPd,GPIO_Label
PD12.Locked=true
PC12.GPIOParameters=GPIO_PuPd,GPIO_Label
PA13.Signal=SYS_JTMS-SWDIO
Dma.ADC1.0.PeriphDataAlignment=DMA_PDATAALIGN_HALFWORD
PA9.Mode=Activate_VBUS
PC0.GPIO_Speed=GPIO_SPEED_FREQ_LOW
PE15.GPIO_Label=D15
PD12.GPIOParameters=GPIO_Speed,GPIO_PuPd,GPIO_Label
ProjectManager.TargetToolchain=Makefile
PB10.GPIO_Label=A10
PE7.GPIOParameters=GPIO_PuPd,GPIO_Label
Dma.ADC1.0.Mode=DMA_CIRCULAR
PB7.GPIOParameters=GPIO_PuPd,GPIO_Label
VP_USB_DEVICE_VS_USB_DEVICE_CDC_FS.Mode=CDC_FS
PC5.GPIOParameters=GPIO_Label
PB2.GPIOParameters=GPIO_PuPd,GPIO_Label
ADC1.Channel-1\#ChannelRegularConversion=ADC_CHANNEL_VREFINT
PE4.Locked=true
PE2.GPIOParameters=GPIO_PuPd,GPIO_Label
PC2.Locked=true
ProjectManager.RegisterCallBack=
PE0.Locked=true
PD10.GPIO_Label=LED_BUSY
PE11.Signal=GPIO_Input
PC15-OSC32_OUT.Signal=RCC_OSC32_OUT
PD3.Locked=true
PA7.GPIO_PuPd=GPIO_PULLDOWN
PA1.Signal=GPIO_Input
PB1.Locked=true
RCC.VCOI2SOutputFreq_Value=192000000
board=STM32F407G-DISC1
PD13.GPIO_Speed=GPIO_SPEED_FREQ_LOW
RCC.VCOOutputFreq_Value=336000000
PD11.GPIOParameters=GPIO_Label
PA12.GPIO_Mode=GPIO_MODE_AF_PP
Dma.ADC1.0.RequestParameters=Instance,Direction,PeriphInc,MemInc,PeriphDataAlignment,MemDataAlignment,Mode,Priority,FIFOMode
RCC.APB2Freq_Value=84000000
SH.ADCx_IN11.0=ADC1_IN11,IN11
MxCube.Version=6.0.0
SH.ADCx_IN2.ConfNb=1
PC1.GPIO_Label=V5SENSE
PA10.GPIOParameters=GPIO_Speed,GPIO_PuPd,GPIO_Label,GPIO_Mode
VP_SYS_VS_Systick.Mode=SysTick
VP_ADC1_Vref_Input.Signal=ADC1_Vref_Input
PH1-OSC_OUT.Signal=RCC_OSC_OUT
SH.ADCx_IN15.ConfNb=1
PD13.GPIO_PuPd=GPIO_NOPULL
PD5.GPIO_PuPd=GPIO_NOPULL
PD14.GPIO_Label=LD5 [Red Led]
PA4.GPIOParameters=GPIO_PuPd,GPIO_Label
PE14.GPIO_PuPd=GPIO_PULLDOWN
PE5.Locked=true
PE6.Signal=GPIO_Input
PB15.GPIOParameters=GPIO_PuPd,GPIO_Label
ADC1.NbrOfConversion=7
RCC.IPParameters=48MHZClocksFreq_Value,AHBFreq_Value,APB1CLKDivider,APB1Freq_Value,APB1TimFreq_Value,APB2CLKDivider,APB2Freq_Value,APB2TimFreq_Value,CortexFreq_Value,EthernetFreq_Value,FCLKCortexFreq_Value,FamilyName,HCLKFreq_Value,HSE_VALUE,HSI_VALUE,I2SClocksFreq_Value,LSI_VALUE,MCO2PinFreq_Value,PLLCLKFreq_Value,PLLM,PLLN,PLLQ,PLLQCLKFreq_Value,RTCFreq_Value,RTCHSEDivFreq_Value,SYSCLKFreq_VALUE,SYSCLKSource,VCOI2SOutputFreq_Value,VCOInputFreq_Value,VCOOutputFreq_Value,VcooutputI2S
PE11.Locked=true
ProjectManager.AskForMigrate=true
Mcu.Name=STM32F407V(E-G)Tx
PE0.Signal=GPIO_Input
PE7.GPIO_Label=D7
PE12.Signal=GPIO_Input
PA2.Signal=ADCx_IN2
PA13.GPIO_Label=SWDIO
PB2.Locked=true
PD14.Signal=GPIO_Output
Mcu.IP6=USB_DEVICE
Mcu.IP7=USB_OTG_FS
ProjectManager.CoupleFile=false
RCC.48MHZClocksFreq_Value=48000000
PB3.Signal=GPIO_Input
RCC.SYSCLKFreq_VALUE=168000000
PA7.GPIO_Label=PA7
PA1.Locked=true
PA12.Mode=Device_Only
ADC1.Rank-3\#ChannelRegularConversion=3
ADC1.SamplingTime-3\#ChannelRegularConversion=ADC_SAMPLETIME_56CYCLES
KeepUserPlacement=false
PC5.GPIO_Label=V5CLSENSE
USART3.VirtualMode=VM_ASYNC
PA13.Locked=true
PH1-OSC_OUT.GPIOParameters=GPIO_Label
PA14.Signal=SYS_JTCK-SWCLK
Dma.ADC1.0.MemInc=DMA_MINC_ENABLE
PB2.GPIO_Label=A2
PE15.GPIO_PuPd=GPIO_PULLDOWN
PC6.GPIOParameters=GPIO_Label
RCC.HSI_VALUE=16000000
ADC1.Rank-7\#ChannelRegularConversion=7
RCC.PLLQ=7
ADC1.NbrOfConversionFlag=1
RCC.PLLM=8
RCC.PLLN=336
PA15.GPIO_PuPd=GPIO_PULLUP
PB7.Locked=true
PB8.Signal=GPIO_Input
PE3.GPIO_Label=D3
ADC1.SamplingTime-7\#ChannelRegularConversion=ADC_SAMPLETIME_56CYCLES
PA11.GPIO_Mode=GPIO_MODE_AF_PP
PD9.Locked=true
RCC.APB1Freq_Value=42000000
PB11.Locked=true
ProjectManager.DeviceId=STM32F407VGTx
PB12.Signal=GPIO_Input
ProjectManager.LibraryCopy=1
PB0.GPIO_PuPd=GPIO_PULLDOWN
PD12.GPIO_PuPd=GPIO_NOPULL
PE1.GPIOParameters=GPIO_PuPd,GPIO_Label
PA3.GPIO_Label=PA3
PB1.GPIOParameters=GPIO_PuPd,GPIO_Label
PA7.Signal=GPIO_Input
PE9.GPIO_PuPd=GPIO_PULLDOWN
PA6.Locked=true
