#MicroXplorer Configuration settings - do not modify
PB13.GPIOParameters=GPIO_Speed,GPIO_Label
PD12.GPIO_Label=D12
PC7.GPIOParameters=GPIO_PuPd,GPIO_Label
PE11.GPIOParameters=GPIO_PuPd,GPIO_Label
PB10.GPIO_PuPd=GPIO_PULLDOWN
VP_ADC1_TempSens_Input.Mode=IN-TempSens
ADC1.SamplingTime-6\#ChannelRegularConversion=ADC_SAMPLETIME_55CYCLES_5
RCC.PLLCLKFreq_Value=72000000
PB14.GPIO_Label=CE
PE8.GPIO_PuPd=GPIO_PULLDOWN
PC7.Locked=true
PD3.GPIOParameters=GPIO_PuPd,GPIO_Label
PD8.Locked=true
PC6.GPIO_Label=A16
PA3.GPIOParameters=GPIO_Label
PE10.GPIO_PuPd=GPIO_PULLDOWN
PA6.GPIO_Label=LED_BUSY
PD10.GPIO_PuPd=GPIO_PULLDOWN
PD0.Locked=true
PD4.Locked=true
PD2.GPIOParameters=GPIO_PuPd,GPIO_Label
USART1.IPParameters=VirtualMode
PB13.Signal=GPIO_Output
PD6.GPIO_Label=D6
PA2.GPIOParameters=GPIO_Label
PinOutPanel.RotationAngle=0
PE6.GPIO_Label=A6
RCC.SYSCLKSource=RCC_SYSCLKSOURCE_PLLCLK
NVIC.SVCall_IRQn=true\:0\:0\:false\:false\:true\:false\:false
RCC.SDIOHCLKDiv2FreqValue=36000000
PD15.GPIOParameters=GPIO_PuPd,GPIO_Label
ADC1.Channel-5\#ChannelRegularConversion=ADC_CHANNEL_15
PD7.GPIO_PuPd=GPIO_PULLDOWN
PD4.Signal=GPIO_Input
RCC.APB2TimFreq_Value=72000000
Dma.ADC1.0.Direction=DMA_PERIPH_TO_MEMORY
ADC1.Channel-2\#ChannelRegularConversion=ADC_CHANNEL_3
PC7.Signal=GPIO_Input
PB12.PinState=GPIO_PIN_SET
PD0.Signal=GPIO_Input
PD8.Signal=GPIO_Input
PE5.Signal=GPIO_Input
PE10.Locked=true
PE1.Signal=GPIO_Input
Dma.ADC1.0.MemDataAlignment=DMA_MDATAALIGN_HALFWORD
PB13.Locked=true
PE14.Locked=true
ProjectManager.ProjectBuild=false
NVIC.UsageFault_IRQn=true\:0\:0\:false\:false\:true\:false\:false
PA4.Locked=true
SH.ADCx_IN14.ConfNb=1
SH.ADCx_IN15.0=ADC1_IN15,IN15
PD1.GPIOParameters=GPIO_PuPd,GPIO_Label
PD1.GPIO_Label=D1
PB12.GPIO_Label=EE_EN_VCC
ProjectManager.FirmwarePackage=STM32Cube FW_F1 V1.8.0
VP_ADC1_Vref_Input.Mode=IN-Vrefint
MxDb.Version=DB.6.0.0
PE15.Locked=true
PE0.GPIOParameters=GPIO_PuPd,GPIO_Label
PA1.GPIOParameters=GPIO_Label
ProjectManager.BackupPrevious=false
PC4.GPIO_Label=V5SENSE
PE9.Signal=GPIO_Input
SH.ADCx_IN1.ConfNb=1
PE9.Locked=true
Dma.ADC1.0.PeriphInc=DMA_PINC_DISABLE
PE4.GPIO_Label=A4
PE2.Signal=GPIO_Input
PD14.GPIO_PuPd=GPIO_PULLDOWN
PE1.Locked=true
NVIC.PendSV_IRQn=true\:0\:0\:false\:false\:true\:false\:false
PE10.Signal=GPIO_Input
ProjectManager.HalAssertFull=false
ADC1.SamplingTime-0\#ChannelRegularConversion=ADC_SAMPLETIME_55CYCLES_5
RCC.PLLMCOFreq_Value=36000000
PC8.GPIOParameters=GPIO_PuPd,GPIO_Label
Mcu.Package=LQFP100
PB14.GPIO_PuPd=GPIO_PULLDOWN
PA5.Locked=true
RCC.I2S2Freq_Value=72000000
PD11.Locked=true
SH.ADCx_IN14.0=ADC1_IN14,IN14
SH.COMP_DAC1_group.ConfNb=1
PE10.GPIOParameters=GPIO_PuPd,GPIO_Label
PD12.Signal=GPIO_Input
PA14.Locked=true
PD5.GPIOParameters=GPIO_PuPd,GPIO_Label
VP_SYS_VS_Systick.Signal=SYS_VS_Systick
PA10.Signal=USART1_RX
PE12.GPIO_Label=A12
PC6.GPIO_PuPd=GPIO_PULLDOWN
PA5.GPIOParameters=GPIO_Label
PB14.GPIOParameters=GPIO_PuPd,GPIO_Label
RCC.APB1TimFreq_Value=72000000
NVIC.BusFault_IRQn=true\:0\:0\:false\:false\:true\:false\:false
PB10.GPIOParameters=GPIO_PuPd,GPIO_Label
PE6.Locked=true
PD3.GPIO_PuPd=GPIO_PULLDOWN
PE10.GPIO_Label=A10
PE6.GPIO_PuPd=GPIO_PULLDOWN
PD9.GPIO_PuPd=GPIO_PULLDOWN
PD5.Locked=true
PA4.GPIO_Label=V10FBDAC
PD15.Signal=GPIO_Input
ProjectManager.CustomerFirmwarePackage=
PC4.GPIOParameters=GPIO_Label
ADC1.Rank-4\#ChannelRegularConversion=5
PE12.GPIO_PuPd=GPIO_PULLDOWN
PA6.GPIOParameters=GPIO_Label
PD6.GPIOParameters=GPIO_PuPd,GPIO_Label
ProjectManager.ProjectFileName=fwf103.ioc
Dma.ADC1.0.Instance=DMA1_Channel1
ADC1.Rank-0\#ChannelRegularConversion=1
PD9.GPIO_Label=D9
Mcu.PinsNb=69
PD2.GPIO_PuPd=GPIO_PULLDOWN
ADC1.IPParameters=Rank-0\#ChannelRegularConversion,Channel-0\#ChannelRegularConversion,SamplingTime-0\#ChannelRegularConversion,NbrOfConversionFlag,ContinuousConvMode,Rank-1\#ChannelRegularConversion,Channel-1\#ChannelRegularConversion,SamplingTime-1\#ChannelRegularConversion,Rank-2\#ChannelRegularConversion,Channel-2\#ChannelRegularConversion,SamplingTime-2\#ChannelRegularConversion,Rank-3\#ChannelRegularConversion,Channel-3\#ChannelRegularConversion,SamplingTime-3\#ChannelRegularConversion,Rank-4\#ChannelRegularConversion,Channel-4\#ChannelRegularConversion,SamplingTime-4\#ChannelRegularConversion,Rank-5\#ChannelRegularConversion,Channel-5\#ChannelRegularConversion,SamplingTime-5\#ChannelRegularConversion,NbrOfConversion,master,Rank-6\#ChannelRegularConversion,Channel-6\#ChannelRegularConversion,SamplingTime-6\#ChannelRegularConversion
PA9.GPIO_Label=CONS_TX
PD3.Signal=GPIO_Input
PC6.Signal=GPIO_Input
PB11.GPIO_Label=EE_OPT_RST
PD13.GPIOParameters=GPIO_PuPd,GPIO_Label
PD7.Signal=GPIO_Input
RCC.USBPrescaler=RCC_USBCLKSOURCE_PLL_DIV1_5
PD1.Signal=GPIO_Input
PE1.GPIO_PuPd=GPIO_PULLDOWN
OSC_IN.Locked=true
PD1.GPIO_PuPd=GPIO_PULLDOWN
Mcu.Pin68=VP_USB_DEVICE_VS_USB_DEVICE_CDC_FS
PC0.Signal=GPIO_Output
PB14.Locked=true
RCC.APB1CLKDivider=RCC_HCLK_DIV2
Mcu.Pin62=PB5
Mcu.Pin63=PE0
Mcu.Pin60=PB3
Mcu.Pin61=PB4
Mcu.Pin66=VP_ADC1_Vref_Input
Mcu.Pin67=VP_SYS_VS_Systick
RCC.I2S3Freq_Value=72000000
Mcu.Pin64=PE1
PA0-WKUP.GPIO_Label=BUTTON1
Mcu.Pin65=VP_ADC1_TempSens_Input
PA0-WKUP.Signal=GPIO_Input
PD10.Signal=GPIO_Input
PA11.Locked=true
PA15.Locked=true
Mcu.Pin59=PD7
Mcu.Pin57=PD5
Mcu.Pin58=PD6
Mcu.Pin51=PA15
Mcu.Pin52=PD0
Mcu.Pin50=PA14
Mcu.Pin55=PD3
Mcu.Pin56=PD4
Mcu.Pin53=PD1
PE8.GPIO_Label=A8
Mcu.Pin54=PD2
PC6.Locked=true
Dma.ADC1.0.Priority=DMA_PRIORITY_LOW
PA9.Signal=USART1_TX
PB13.GPIO_Speed=GPIO_SPEED_FREQ_HIGH
PB11.GPIOParameters=GPIO_PuPd,GPIO_Label
PB5.Locked=true
OSC_IN.Signal=RCC_OSC_IN
PC7.GPIO_PuPd=GPIO_PULLDOWN
PD7.Locked=true
PE9.GPIO_Label=A9
Mcu.Pin48=PA12
Mcu.Pin49=PA13
Mcu.Pin46=PA10
Mcu.Pin47=PA11
PB10.Signal=GPIO_Input
PB14.Signal=GPIO_Input
PE2.GPIO_PuPd=GPIO_PULLDOWN
PA5.Signal=GPIO_Output
Mcu.Pin40=PD15
Mcu.Pin41=PC6
PE13.GPIOParameters=GPIO_PuPd,GPIO_Label
Mcu.Pin44=PC9
Mcu.Pin45=PA9
Mcu.Pin42=PC7
Mcu.Pin43=PC8
PE1.GPIO_Label=A1
ProjectManager.LastFirmware=false
PE14.Signal=GPIO_Input
PE15.Signal=GPIO_Input
Mcu.Pin37=PD12
Mcu.Pin38=PD13
PB15.GPIO_Label=OE
Mcu.Pin35=PD10
PE8.Signal=GPIO_Input
Mcu.Pin36=PD11
Mcu.Pin39=PD14
VP_ADC1_TempSens_Input.Signal=ADC1_TempSens_Input
Mcu.Pin30=PB13
PA1.GPIO_Label=V3P3SENSE
PC9.GPIO_PuPd=GPIO_PULLDOWN
Mcu.Pin33=PD8
PE3.GPIO_PuPd=GPIO_PULLDOWN
Mcu.Pin34=PD9
Mcu.Pin31=PB14
Mcu.Pin32=PB15
PA9.Locked=true
NVIC.NonMaskableInt_IRQn=true\:0\:0\:false\:false\:true\:false\:false
PE7.Locked=true
PA13.Mode=Serial_Wire
ProjectManager.FreePins=false
PC9.GPIOParameters=GPIO_PuPd,GPIO_Label
Mcu.Pin26=PE15
Mcu.Pin27=PB10
Mcu.Pin24=PE13
ProjectManager.UnderRoot=false
PE4.GPIO_PuPd=GPIO_PULLDOWN
PE13.Locked=true
Mcu.Pin25=PE14
Mcu.Pin28=PB11
PC7.GPIO_Label=A17
Mcu.Pin29=PB12
RCC.FSMCFreq_Value=72000000
PB4.Locked=true
PC8.GPIO_PuPd=GPIO_PULLDOWN
PA4.Signal=COMP_DAC1_group
PD14.GPIOParameters=GPIO_PuPd,GPIO_Label
ADC1.SamplingTime-1\#ChannelRegularConversion=ADC_SAMPLETIME_55CYCLES_5
Mcu.Pin22=PE11
PB5.Signal=GPIO_Output
Mcu.Pin23=PE12
RCC.TimSysFreq_Value=72000000
Mcu.Pin20=PE9
ADC1.master=1
PA3.Locked=true
Mcu.Pin21=PE10
PE13.GPIO_Label=A13
PD10.Locked=true
PA5.GPIO_Label=LED_POWER
PA10.Locked=true
NVIC.ForceEnableDMAVector=true
OSC_IN.Mode=HSE-External-Oscillator
PD11.Signal=GPIO_Input
NVIC.MemoryManagement_IRQn=true\:0\:0\:false\:false\:true\:false\:false
PE5.GPIO_Label=A5
USART1.VirtualMode=VM_ASYNC
ProjectManager.CompilerOptimize=6
ADC1.Rank-1\#ChannelRegularConversion=2
PD15.Locked=true
PA11.Signal=USB_DM
ProjectManager.HeapSize=0x200
Mcu.Pin15=PA7
NVIC.HardFault_IRQn=true\:0\:0\:false\:false\:true\:false\:false
Mcu.Pin16=PC4
Mcu.Pin13=PA5
PD0.GPIO_PuPd=GPIO_PULLDOWN
Mcu.Pin14=PA6
Mcu.Pin19=PE8
ADC1.SamplingTime-5\#ChannelRegularConversion=ADC_SAMPLETIME_55CYCLES_5
ProjectManager.ComputerToolchain=false
Mcu.Pin17=PC5
Mcu.Pin18=PE7
NVIC.PriorityGroup=NVIC_PRIORITYGROUP_4
Mcu.Pin11=PA3
Mcu.Pin12=PA4
PD0.GPIOParameters=GPIO_PuPd,GPIO_Label
Mcu.Pin10=PA2
PE3.Signal=GPIO_Input
PE2.Locked=true
PE12.GPIOParameters=GPIO_PuPd,GPIO_Label
NVIC.DMA1_Channel1_IRQn=true\:0\:0\:false\:false\:true\:false\:true
PD2.Signal=GPIO_Input
PD1.Locked=true
PA7.GPIOParameters=GPIO_Label
PC0.Locked=true
ADC1.Rank-5\#ChannelRegularConversion=6
PB12.GPIOParameters=GPIO_Speed,PinState,GPIO_Label
PD2.GPIO_Label=D2
PD7.GPIOParameters=GPIO_PuPd,GPIO_Label
Mcu.Family=STM32F1
ProjectManager.MainLocation=Core/Src
RCC.MCOFreq_Value=72000000
USB_DEVICE.CLASS_NAME_FS=CDC
PE7.GPIO_PuPd=GPIO_PULLDOWN
ProjectManager.KeepUserCode=true
Mcu.UserName=STM32F103VCTx
PD9.GPIOParameters=GPIO_PuPd,GPIO_Label
ADC1.ContinuousConvMode=ENABLE
PE11.GPIO_Label=A11
SH.ADCx_IN2.0=ADC1_IN2,IN2
PC5.Locked=true
ProjectManager.functionlistsort=1-MX_GPIO_Init-GPIO-false-HAL-true,2-MX_DMA_Init-DMA-false-HAL-true,3-SystemClock_Config-RCC-false-HAL-false,4-MX_ADC1_Init-ADC1-false-HAL-true,5-MX_USART1_UART_Init-USART1-false-HAL-true,6-MX_USB_DEVICE_Init-USB_DEVICE-false-HAL-false,7-MX_DAC_Init-DAC-false-HAL-true
PC0.GPIOParameters=GPIO_Label
PA9.GPIOParameters=GPIO_Label
PC0.GPIO_Label=CLKBND
PD0.GPIO_Label=D0
PA11.Mode=Device
PC9.Locked=true
RCC.ADCFreqValue=12000000
PD6.Locked=true
PD2.Locked=true
PB11.GPIO_PuPd=GPIO_PULLDOWN
PB13.GPIO_Label=EE_EN_VPP
PD8.GPIO_PuPd=GPIO_PULLDOWN
PB11.Signal=GPIO_Input
PB15.Signal=GPIO_Input
PE5.GPIOParameters=GPIO_PuPd,GPIO_Label
ProjectManager.StackSize=0x400
PB5.GPIOParameters=PinState,GPIO_Label
PD13.Signal=GPIO_Input
Mcu.IP4=RCC
RCC.FCLKCortexFreq_Value=72000000
Mcu.IP5=SYS
PD11.GPIO_PuPd=GPIO_PULLDOWN
PD13.Locked=true
Mcu.IP2=DMA
Mcu.IP3=NVIC
Mcu.IP0=ADC1
Mcu.IP1=DAC
PA12.Signal=USB_DP
PE4.GPIOParameters=GPIO_PuPd,GPIO_Label
Mcu.UserConstants=
PE5.GPIO_PuPd=GPIO_PULLDOWN
PE11.GPIO_PuPd=GPIO_PULLDOWN
Mcu.ThirdPartyNb=0
ADC1.Channel-3\#ChannelRegularConversion=ADC_CHANNEL_1
RCC.SDIOFreq_Value=72000000
PD11.GPIO_Label=D11
RCC.HCLKFreq_Value=72000000
SH.ADCx_IN3.0=ADC1_IN3,IN3
Mcu.IPNb=9
ProjectManager.PreviousToolchain=
PB5.PinState=GPIO_PIN_RESET
SH.ADCx_IN3.ConfNb=1
PD8.GPIOParameters=GPIO_PuPd,GPIO_Label
Mcu.Pin6=OSC_OUT
Mcu.Pin7=PC0
Mcu.Pin8=PA0-WKUP
OSC_OUT.Mode=HSE-External-Oscillator
Mcu.Pin9=PA1
OSC_OUT.Signal=RCC_OSC_OUT
RCC.AHBFreq_Value=72000000
Mcu.Pin0=PE2
Mcu.Pin1=PE3
GPIO.groupedBy=Group By Peripherals
Mcu.Pin2=PE4
Mcu.Pin3=PE5
Mcu.Pin4=PE6
PA0-WKUP.GPIOParameters=GPIO_Label
PD10.GPIOParameters=GPIO_PuPd,GPIO_Label
Mcu.Pin5=OSC_IN
ADC1.Channel-0\#ChannelRegularConversion=ADC_CHANNEL_VREFINT
NVIC.DebugMonitor_IRQn=true\:0\:0\:false\:false\:true\:false\:false
NVIC.SysTick_IRQn=true\:0\:0\:false\:false\:true\:false\:true
PE13.GPIO_PuPd=GPIO_PULLDOWN
RCC.PLLMUL=RCC_PLL_MUL9
ADC1.SamplingTime-4\#ChannelRegularConversion=ADC_SAMPLETIME_55CYCLES_5
ADC1.Channel-6\#ChannelRegularConversion=ADC_CHANNEL_2
ADC1.Rank-2\#ChannelRegularConversion=3
PE13.Signal=GPIO_Input
PA14.Mode=Serial_Wire
PE8.Locked=true
File.Version=6
PA10.GPIO_Label=CONS_RX
PE3.GPIOParameters=GPIO_PuPd,GPIO_Label
PE3.Locked=true
PE4.Signal=GPIO_Input
PE6.GPIOParameters=GPIO_PuPd,GPIO_Label
Dma.RequestsNb=1
ProjectManager.ProjectName=fwf103
PD7.GPIO_Label=D7
PD13.GPIO_Label=D13
PA6.Signal=GPIO_Output
PA7.Locked=true
PB15.GPIO_PuPd=GPIO_PULLDOWN
PD5.GPIO_Label=D5
ProjectManager.ToolChainLocation=
PA2.GPIO_Label=V10FBSENSE
PD14.Locked=true
PD15.GPIO_PuPd=GPIO_PULLDOWN
PA15.Signal=SYS_JTDI
VP_USB_DEVICE_VS_USB_DEVICE_CDC_FS.Signal=USB_DEVICE_VS_USB_DEVICE_CDC_FS
PE0.GPIO_Label=A0
SH.ADCx_IN1.0=ADC1_IN1,IN1
PB5.GPIO_Label=USB_PULLUP
PC4.Locked=true
PC5.Signal=ADCx_IN15
PD3.GPIO_Label=D3
PE7.Signal=GPIO_Input
PD6.Signal=GPIO_Input
ADC1.Rank-6\#ChannelRegularConversion=7
Dma.Request0=ADC1
PE2.GPIO_Label=A2
PE12.Locked=true
PB15.Locked=true
PB3.Locked=true
PB4.Signal=SYS_NJTRST
PA3.Signal=ADCx_IN3
PA2.Locked=true
PE0.GPIO_PuPd=GPIO_PULLDOWN
SH.COMP_DAC1_group.0=DAC_OUT1,DAC_OUT1
PE8.GPIOParameters=GPIO_PuPd,GPIO_Label
PD15.GPIO_Label=D15
PE14.GPIOParameters=GPIO_PuPd,GPIO_Label
ADC1.Channel-4\#ChannelRegularConversion=ADC_CHANNEL_14
PA10.Mode=Asynchronous
PC9.GPIO_Label=A19
ProjectManager.NoMain=false
USB_DEVICE.VirtualModeFS=Cdc_FS
PC8.Signal=GPIO_Input
PC4.Signal=ADCx_IN14
ProjectManager.DefaultFWLocation=true
PE14.GPIO_Label=A14
PD9.Signal=GPIO_Input
PD5.Signal=GPIO_Input
PB12.Locked=true
ProjectManager.DeletePrevious=true
PB10.Locked=true
USB_DEVICE.IPParameters=VirtualMode,VirtualModeFS,CLASS_NAME_FS
ADC1.SamplingTime-2\#ChannelRegularConversion=ADC_SAMPLETIME_55CYCLES_5
RCC.FamilyName=M
PA0-WKUP.Locked=true
PE9.GPIOParameters=GPIO_PuPd,GPIO_Label
PE15.GPIOParameters=GPIO_PuPd,GPIO_Label
PD8.GPIO_Label=D8
PD12.Locked=true
RCC.ADCPresc=RCC_ADCPCLK2_DIV6
PC8.GPIO_Label=A18
PA13.Signal=SYS_JTMS-SWDIO
PD4.GPIO_PuPd=GPIO_PULLDOWN
Dma.ADC1.0.PeriphDataAlignment=DMA_PDATAALIGN_HALFWORD
PA9.Mode=Asynchronous
PE15.GPIO_Label=A15
PD12.GPIOParameters=GPIO_PuPd,GPIO_Label
ProjectManager.TargetToolchain=Makefile
PB10.GPIO_Label=EE_OPT_WE
PE7.GPIOParameters=GPIO_PuPd,GPIO_Label
Dma.ADC1.0.Mode=DMA_CIRCULAR
VP_USB_DEVICE_VS_USB_DEVICE_CDC_FS.Mode=CDC_FS
PC5.GPIOParameters=GPIO_Label
ADC1.Channel-1\#ChannelRegularConversion=ADC_CHANNEL_TEMPSENSOR
PE4.Locked=true
PE2.GPIOParameters=GPIO_PuPd,GPIO_Label
ProjectManager.RegisterCallBack=
PE0.Locked=true
RCC.USBFreq_Value=48000000
PD10.GPIO_Label=D10
PE11.Signal=GPIO_Input
PD3.Locked=true
PA1.Signal=ADCx_IN1
PB12.GPIO_Speed=GPIO_SPEED_FREQ_HIGH
board=custom
PD11.GPIOParameters=GPIO_PuPd,GPIO_Label
RCC.VCOOutput2Freq_Value=8000000
Dma.ADC1.0.RequestParameters=Instance,Direction,PeriphInc,MemInc,PeriphDataAlignment,MemDataAlignment,Mode,Priority
RCC.APB2Freq_Value=72000000
MxCube.Version=6.0.0
PD4.GPIO_Label=D4
SH.ADCx_IN2.ConfNb=1
NVIC.USB_LP_CAN1_RX0_IRQn=true\:0\:0\:false\:false\:true\:false\:true
PA10.GPIOParameters=GPIO_Label
PD4.GPIOParameters=GPIO_PuPd,GPIO_Label
VP_SYS_VS_Systick.Mode=SysTick
VP_ADC1_Vref_Input.Signal=ADC1_Vref_Input
SH.ADCx_IN15.ConfNb=1
PD13.GPIO_PuPd=GPIO_PULLDOWN
PD5.GPIO_PuPd=GPIO_PULLDOWN
OSC_OUT.Locked=true
PD14.GPIO_Label=D14
PA4.GPIOParameters=GPIO_Label
PE5.Locked=true
PE14.GPIO_PuPd=GPIO_PULLDOWN
PE6.Signal=GPIO_Input
PB15.GPIOParameters=GPIO_PuPd,GPIO_Label
ADC1.NbrOfConversion=7
RCC.IPParameters=ADCFreqValue,ADCPresc,AHBFreq_Value,APB1CLKDivider,APB1Freq_Value,APB1TimFreq_Value,APB2Freq_Value,APB2TimFreq_Value,FCLKCortexFreq_Value,FSMCFreq_Value,FamilyName,HCLKFreq_Value,I2S2Freq_Value,I2S3Freq_Value,MCOFreq_Value,PLLCLKFreq_Value,PLLMCOFreq_Value,PLLMUL,SDIOFreq_Value,SDIOHCLKDiv2FreqValue,SYSCLKFreq_VALUE,SYSCLKSource,TimSysFreq_Value,USBFreq_Value,USBPrescaler,VCOOutput2Freq_Value
PE11.Locked=true
ProjectManager.AskForMigrate=true
Mcu.Name=STM32F103V(C-D-E)Tx
PE0.Signal=GPIO_Input
PE7.GPIO_Label=A7
PE12.Signal=GPIO_Input
PA2.Signal=ADCx_IN2
Mcu.IP8=USB_DEVICE
PD14.Signal=GPIO_Input
Mcu.IP6=USART1
Mcu.IP7=USB
ProjectManager.CoupleFile=false
PB3.Signal=SYS_JTDO-TRACESWO
RCC.SYSCLKFreq_VALUE=72000000
PA7.GPIO_Label=LED_ALERT
PA1.Locked=true
PA12.Mode=Device
ADC1.Rank-3\#ChannelRegularConversion=4
ADC1.SamplingTime-3\#ChannelRegularConversion=ADC_SAMPLETIME_55CYCLES_5
KeepUserPlacement=false
PC5.GPIO_Label=V5CLSENSE
PA13.Locked=true
PA14.Signal=SYS_JTCK-SWCLK
Dma.ADC1.0.MemInc=DMA_MINC_ENABLE
PE15.GPIO_PuPd=GPIO_PULLDOWN
PC6.GPIOParameters=GPIO_PuPd,GPIO_Label
ADC1.NbrOfConversionFlag=1
PE3.GPIO_Label=A3
PC8.Locked=true
PC9.Signal=GPIO_Input
PD9.Locked=true
RCC.APB1Freq_Value=36000000
USB_DEVICE.VirtualMode=Cdc
PB11.Locked=true
ProjectManager.DeviceId=STM32F103VCTx
PB12.Signal=GPIO_Output
ProjectManager.LibraryCopy=0
PD12.GPIO_PuPd=GPIO_PULLDOWN
PE1.GPIOParameters=GPIO_PuPd,GPIO_Label
PA3.GPIO_Label=V10SENSE
PD6.GPIO_PuPd=GPIO_PULLDOWN
PA7.Signal=GPIO_Output
PE9.GPIO_PuPd=GPIO_PULLDOWN
PA6.Locked=true
